
Microsoft Visual Studio Solution File, Format Version 12.00
# Visual Studio 15
VisualStudioVersion = 15.0.27428.2037
MinimumVisualStudioVersion = 10.0.40219.1
Project("{FAE04EC0-301F-11D3-BF4B-00C04F79EFBC}") = "DB", "DB\DB.csproj", "{8CC16242-6146-4010-95F3-9884E8F0D4E7}"
EndProject
Project("{FAE04EC0-301F-11D3-BF4B-00C04F79EFBC}") = "TEST", "TEST\TEST.csproj", "{3FEAFAB3-A1AC-4322-A6E2-BBB066BFF64E}"
EndProject
Global
	GlobalSection(SolutionConfigurationPlatforms) = preSolution
		Debug|Any CPU = Debug|Any CPU
		Release|Any CPU = Release|Any CPU
	EndGlobalSection
	GlobalSection(ProjectConfigurationPlatforms) = postSolution
		{8CC16242-6146-4010-95F3-9884E8F0D4E7}.Debug|Any CPU.ActiveCfg = Debug|Any CPU
		{8CC16242-6146-4010-95F3-9884E8F0D4E7}.Debug|Any CPU.Build.0 = Debug|Any CPU
		{8CC16242-6146-4010-95F3-9884E8F0D4E7}.Release|Any CPU.ActiveCfg = Release|Any CPU
		{8CC16242-6146-4010-95F3-9884E8F0D4E7}.Release|Any CPU.Build.0 = Release|Any CPU
		{3FEAFAB3-A1AC-4322-A6E2-BBB066BFF64E}.Debug|Any CPU.ActiveCfg = Debug|Any CPU
		{3FEAFAB3-A1AC-4322-A6E2-BBB066BFF64E}.Debug|Any CPU.Build.0 = Debug|Any CPU
		{3FEAFAB3-A1AC-4322-A6E2-BBB066BFF64E}.Release|Any CPU.ActiveCfg = Release|Any CPU
		{3FEAFAB3-A1AC-4322-A6E2-BBB066BFF64E}.Release|Any CPU.Build.0 = Release|Any CPU
	EndGlobalSection
	GlobalSection(SolutionProperties) = preSolution
		HideSolutionNode = FALSE
	EndGlobalSection
	GlobalSection(ExtensibilityGlobals) = postSolution
		SolutionGuid = {7CACEFE5-15D2-4013-A4B5-1F1BA07862C1}
	EndGlobalSection
EndGlobal
